
Microsoft Visual Studio Solution File, Format Version 12.00
# Visual Studio Express 2012 for Windows Desktop
Project("{FAE04EC0-301F-11D3-BF4B-00C04F79EFBC}") = "Assembly-CSharp-vs", "Assembly-CSharp-vs.csproj", "{CF2173B6-0612-B361-4BD5-7E4BF0B31E42}"
EndProject
Global
	GlobalSection(SolutionConfigurationPlatforms) = preSolution
		Debug|Any CPU = Debug|Any CPU
		Release|Any CPU = Release|Any CPU
	EndGlobalSection
	GlobalSection(ProjectConfigurationPlatforms) = postSolution
		{CF2173B6-0612-B361-4BD5-7E4BF0B31E42}.Debug|Any CPU.ActiveCfg = Debug|Any CPU
		{CF2173B6-0612-B361-4BD5-7E4BF0B31E42}.Debug|Any CPU.Build.0 = Debug|Any CPU
		{CF2173B6-0612-B361-4BD5-7E4BF0B31E42}.Release|Any CPU.ActiveCfg = Release|Any CPU
		{CF2173B6-0612-B361-4BD5-7E4BF0B31E42}.Release|Any CPU.Build.0 = Release|Any CPU
	EndGlobalSection
	GlobalSection(SolutionProperties) = preSolution
		HideSolutionNode = FALSE
	EndGlobalSection
EndGlobal
